
Microsoft Visual Studio Solution File, Format Version 12.00
# Visual Studio Version 16
VisualStudioVersion = 16.0.31112.23
MinimumVisualStudioVersion = 10.0.40219.1
Project("{2150E333-8FDC-42A3-9474-1A3956D46DE8}") = "src", "src", "{651B124D-6683-4DE8-B58F-94C7F4B13BC1}"
EndProject
Project("{2150E333-8FDC-42A3-9474-1A3956D46DE8}") = "test", "test", "{BDE29A7A-6DE1-4D40-BD6B-EA79F3A9BA7C}"
EndProject
Project("{2150E333-8FDC-42A3-9474-1A3956D46DE8}") = "API", "API", "{EBBFBAE1-34CC-444D-BC08-D47A9B00EFC4}"
EndProject
Project("{2150E333-8FDC-42A3-9474-1A3956D46DE8}") = "Core", "Core", "{129B0C93-232E-45B8-8E5F-FD69E606ECAF}"
EndProject
Project("{2150E333-8FDC-42A3-9474-1A3956D46DE8}") = "Infrastructure", "Infrastructure", "{4E197FC4-D210-4D2A-B34C-7A9CA88794AA}"
EndProject
Project("{2150E333-8FDC-42A3-9474-1A3956D46DE8}") = "UI", "UI", "{3E04C0C2-4305-4CAD-8081-BC43EBA44B13}"
EndProject
Project("{9A19103F-16F7-4668-BE54-9A1E7A4F7556}") = "GlobalTicket.TicketManagement.Domain", "GlobalTicket.TicketManagement.Domain\GlobalTicket.TicketManagement.Domain.csproj", "{A612D878-6694-47EB-B09C-D7DC2786B38F}"
EndProject
Project("{9A19103F-16F7-4668-BE54-9A1E7A4F7556}") = "GlobalTicket.TicketManagement.Application", "GlobalTicket.TicketManagement.Application\GlobalTicket.TicketManagement.Application.csproj", "{FD817FB6-1BCF-47BC-A89B-9DD3F403278B}"
EndProject
Project("{FAE04EC0-301F-11D3-BF4B-00C04F79EFBC}") = "GlobalTicket.TicketManagement.Persistence", "GlobalTicket.TicketManagement.Persistence\GlobalTicket.TicketManagement.Persistence.csproj", "{45F7F3DF-40A3-4919-B15E-17E7F9AA376E}"
EndProject
Project("{FAE04EC0-301F-11D3-BF4B-00C04F79EFBC}") = "GlobalTicket.TicketManagement.Infrastructure", "GlobalTicket.TicketManagement.Infrastructure\GlobalTicket.TicketManagement.Infrastructure.csproj", "{78339B78-269D-4F39-A285-01D428E02A65}"
EndProject
Project("{FAE04EC0-301F-11D3-BF4B-00C04F79EFBC}") = "GlobalTicket.TicketManagement.API", "GlobalTicket.TicketManagement.API\GlobalTicket.TicketManagement.API.csproj", "{3CA68A30-6D62-4076-A94D-8C8651FD70FD}"
EndProject
Global
	GlobalSection(SolutionConfigurationPlatforms) = preSolution
		Debug|Any CPU = Debug|Any CPU
		Release|Any CPU = Release|Any CPU
	EndGlobalSection
	GlobalSection(ProjectConfigurationPlatforms) = postSolution
		{A612D878-6694-47EB-B09C-D7DC2786B38F}.Debug|Any CPU.ActiveCfg = Debug|Any CPU
		{A612D878-6694-47EB-B09C-D7DC2786B38F}.Debug|Any CPU.Build.0 = Debug|Any CPU
		{A612D878-6694-47EB-B09C-D7DC2786B38F}.Release|Any CPU.ActiveCfg = Release|Any CPU
		{A612D878-6694-47EB-B09C-D7DC2786B38F}.Release|Any CPU.Build.0 = Release|Any CPU
		{FD817FB6-1BCF-47BC-A89B-9DD3F403278B}.Debug|Any CPU.ActiveCfg = Debug|Any CPU
		{FD817FB6-1BCF-47BC-A89B-9DD3F403278B}.Debug|Any CPU.Build.0 = Debug|Any CPU
		{FD817FB6-1BCF-47BC-A89B-9DD3F403278B}.Release|Any CPU.ActiveCfg = Release|Any CPU
		{FD817FB6-1BCF-47BC-A89B-9DD3F403278B}.Release|Any CPU.Build.0 = Release|Any CPU
		{45F7F3DF-40A3-4919-B15E-17E7F9AA376E}.Debug|Any CPU.ActiveCfg = Debug|Any CPU
		{45F7F3DF-40A3-4919-B15E-17E7F9AA376E}.Debug|Any CPU.Build.0 = Debug|Any CPU
		{45F7F3DF-40A3-4919-B15E-17E7F9AA376E}.Release|Any CPU.ActiveCfg = Release|Any CPU
		{45F7F3DF-40A3-4919-B15E-17E7F9AA376E}.Release|Any CPU.Build.0 = Release|Any CPU
		{78339B78-269D-4F39-A285-01D428E02A65}.Debug|Any CPU.ActiveCfg = Debug|Any CPU
		{78339B78-269D-4F39-A285-01D428E02A65}.Debug|Any CPU.Build.0 = Debug|Any CPU
		{78339B78-269D-4F39-A285-01D428E02A65}.Release|Any CPU.ActiveCfg = Release|Any CPU
		{78339B78-269D-4F39-A285-01D428E02A65}.Release|Any CPU.Build.0 = Release|Any CPU
		{3CA68A30-6D62-4076-A94D-8C8651FD70FD}.Debug|Any CPU.ActiveCfg = Debug|Any CPU
		{3CA68A30-6D62-4076-A94D-8C8651FD70FD}.Debug|Any CPU.Build.0 = Debug|Any CPU
		{3CA68A30-6D62-4076-A94D-8C8651FD70FD}.Release|Any CPU.ActiveCfg = Release|Any CPU
		{3CA68A30-6D62-4076-A94D-8C8651FD70FD}.Release|Any CPU.Build.0 = Release|Any CPU
	EndGlobalSection
	GlobalSection(SolutionProperties) = preSolution
		HideSolutionNode = FALSE
	EndGlobalSection
	GlobalSection(NestedProjects) = preSolution
		{EBBFBAE1-34CC-444D-BC08-D47A9B00EFC4} = {651B124D-6683-4DE8-B58F-94C7F4B13BC1}
		{129B0C93-232E-45B8-8E5F-FD69E606ECAF} = {651B124D-6683-4DE8-B58F-94C7F4B13BC1}
		{4E197FC4-D210-4D2A-B34C-7A9CA88794AA} = {651B124D-6683-4DE8-B58F-94C7F4B13BC1}
		{3E04C0C2-4305-4CAD-8081-BC43EBA44B13} = {651B124D-6683-4DE8-B58F-94C7F4B13BC1}
		{A612D878-6694-47EB-B09C-D7DC2786B38F} = {129B0C93-232E-45B8-8E5F-FD69E606ECAF}
		{FD817FB6-1BCF-47BC-A89B-9DD3F403278B} = {129B0C93-232E-45B8-8E5F-FD69E606ECAF}
		{45F7F3DF-40A3-4919-B15E-17E7F9AA376E} = {4E197FC4-D210-4D2A-B34C-7A9CA88794AA}
		{78339B78-269D-4F39-A285-01D428E02A65} = {4E197FC4-D210-4D2A-B34C-7A9CA88794AA}
		{3CA68A30-6D62-4076-A94D-8C8651FD70FD} = {EBBFBAE1-34CC-444D-BC08-D47A9B00EFC4}
	EndGlobalSection
	GlobalSection(ExtensibilityGlobals) = postSolution
		SolutionGuid = {1823AEC7-2FF8-4E8F-A78B-76C1AE8B63D6}
	EndGlobalSection
EndGlobal
